%{
  "absinthe": {:hex, :absinthe, "1.6.6", "d4b3d87c868264edf47fbf9c152155f31e8d26c370607f5fe92f6e106d190b74", [:mix], [{:dataloader, "~> 1.0.0", [hex: :dataloader, repo: "hexpm", optional: true]}, {:decimal, "~> 1.0 or ~> 2.0", [hex: :decimal, repo: "hexpm", optional: true]}, {:nimble_parsec, "~> 0.5 or ~> 1.0", [hex: :nimble_parsec, repo: "hexpm", optional: false]}, {:telemetry, "~> 1.0 or ~> 0.4", [hex: :telemetry, repo: "hexpm", optional: false]}], "hexpm", "a03e18478b19bdf81ed1eef9b0853edf4496a080c2048ed17993dc945a90bedc"},
  "absinthe_plug": {:hex, :absinthe_plug, "1.5.8", "38d230641ba9dca8f72f1fed2dfc8abd53b3907d1996363da32434ab6ee5d6ab", [:mix], [{:absinthe, "~> 1.5", [hex: :absinthe, repo: "hexpm", optional: false]}, {:plug, "~> 1.4", [hex: :plug, repo: "hexpm", optional: false]}], "hexpm", "bbb04176647b735828861e7b2705465e53e2cf54ccf5a73ddd1ebd855f996e5a"},
  "backoff": {:hex, :backoff, "1.1.6", "83b72ed2108ba1ee8f7d1c22e0b4a00cfe3593a67dbc792799e8cce9f42f796b", [:rebar3], [], "hexpm", "cf0cfff8995fb20562f822e5cc47d8ccf664c5ecdc26a684cbe85c225f9d7c39"},
  "bamboo": {:hex, :bamboo, "2.2.0", "f10a406d2b7f5123eb1f02edfa043c259db04b47ab956041f279eaac776ef5ce", [:mix], [{:hackney, ">= 1.15.2", [hex: :hackney, repo: "hexpm", optional: false]}, {:jason, "~> 1.0", [hex: :jason, repo: "hexpm", optional: true]}, {:mime, "~> 1.4", [hex: :mime, repo: "hexpm", optional: false]}, {:plug, "~> 1.0", [hex: :plug, repo: "hexpm", optional: false]}], "hexpm", "8c3b14ba7d2f40cb4be04128ed1e2aff06d91d9413d38bafb4afccffa3ade4fc"},
  "bamboo_phoenix": {:hex, :bamboo_phoenix, "1.0.0", "f3cc591ffb163ed0bf935d256f1f4645cd870cf436545601215745fb9cc9953f", [:mix], [{:bamboo, ">= 2.0.0", [hex: :bamboo, repo: "hexpm", optional: false]}, {:phoenix, ">= 1.3.0", [hex: :phoenix, repo: "hexpm", optional: false]}], "hexpm", "6db88fbb26019c84a47994bb2bd879c0887c29ce6c559bc6385fd54eb8b37dee"},
  "bcrypt_elixir": {:hex, :bcrypt_elixir, "2.3.0", "6cb662d5c1b0a8858801cf20997bd006e7016aa8c52959c9ef80e0f34fb60b7a", [:make, :mix], [{:comeonin, "~> 5.3", [hex: :comeonin, repo: "hexpm", optional: false]}, {:elixir_make, "~> 0.6", [hex: :elixir_make, repo: "hexpm", optional: false]}], "hexpm", "2c81d61d4f6ed0e5cf7bf27a9109b791ff216a1034b3d541327484f46dd43769"},
  "bodyguard": {:hex, :bodyguard, "2.4.2", "e91ecd43fae949f5dca7d5054bedf612b5afd6fb4a84376c9909d14e69ab15a7", [:mix], [{:plug, "~> 1.0", [hex: :plug, repo: "hexpm", optional: false]}], "hexpm", "4683ae363d98dee29aac30bda14af51287898f49880fb25ea961227d2dbf6f27"},
  "bunt": {:hex, :bunt, "0.2.0", "951c6e801e8b1d2cbe58ebbd3e616a869061ddadcc4863d0a2182541acae9a38", [:mix], [], "hexpm", "7af5c7e09fe1d40f76c8e4f9dd2be7cebd83909f31fee7cd0e9eadc567da8353"},
  "castore": {:hex, :castore, "0.1.14", "3f6d7c7c1574c402fef29559d3f1a7389ba3524bc6a090a5e9e6abc3af65dcca", [:mix], [], "hexpm", "b34af542eadb727e6c8b37fdf73e18b2e02eb483a4ea0b52fd500bc23f052b7b"},
  "certifi": {:hex, :certifi, "2.8.0", "d4fb0a6bb20b7c9c3643e22507e42f356ac090a1dcea9ab99e27e0376d695eba", [:rebar3], [], "hexpm", "6ac7efc1c6f8600b08d625292d4bbf584e14847ce1b6b5c44d983d273e1097ea"},
  "comeonin": {:hex, :comeonin, "5.3.2", "5c2f893d05c56ae3f5e24c1b983c2d5dfb88c6d979c9287a76a7feb1e1d8d646", [:mix], [], "hexpm", "d0993402844c49539aeadb3fe46a3c9bd190f1ecf86b6f9ebd71957534c95f04"},
  "configparser_ex": {:hex, :configparser_ex, "4.0.0", "17e2b831cfa33a08c56effc610339b2986f0d82a9caa0ed18880a07658292ab6", [:mix], [], "hexpm", "02e6d1a559361a063cba7b75bc3eb2d6ad7e62730c551cc4703541fd11e65e5b"},
  "connection": {:hex, :connection, "1.1.0", "ff2a49c4b75b6fb3e674bfc5536451607270aac754ffd1bdfe175abe4a6d7a68", [:mix], [], "hexpm", "722c1eb0a418fbe91ba7bd59a47e28008a189d47e37e0e7bb85585a016b2869c"},
  "cors_plug": {:hex, :cors_plug, "2.0.3", "316f806d10316e6d10f09473f19052d20ba0a0ce2a1d910ddf57d663dac402ae", [:mix], [{:plug, "~> 1.8", [hex: :plug, repo: "hexpm", optional: false]}], "hexpm", "ee4ae1418e6ce117fc42c2ba3e6cbdca4e95ecd2fe59a05ec6884ca16d469aea"},
  "cowboy": {:hex, :cowboy, "2.9.0", "865dd8b6607e14cf03282e10e934023a1bd8be6f6bacf921a7e2a96d800cd452", [:make, :rebar3], [{:cowlib, "2.11.0", [hex: :cowlib, repo: "hexpm", optional: false]}, {:ranch, "1.8.0", [hex: :ranch, repo: "hexpm", optional: false]}], "hexpm", "2c729f934b4e1aa149aff882f57c6372c15399a20d54f65c8d67bef583021bde"},
  "cowboy_telemetry": {:hex, :cowboy_telemetry, "0.3.1", "ebd1a1d7aff97f27c66654e78ece187abdc646992714164380d8a041eda16754", [:rebar3], [{:cowboy, "~> 2.7", [hex: :cowboy, repo: "hexpm", optional: false]}, {:telemetry, "~> 0.4", [hex: :telemetry, repo: "hexpm", optional: false]}], "hexpm", "3a6efd3366130eab84ca372cbd4a7d3c3a97bdfcfb4911233b035d117063f0af"},
  "cowlib": {:hex, :cowlib, "2.11.0", "0b9ff9c346629256c42ebe1eeb769a83c6cb771a6ee5960bd110ab0b9b872063", [:make, :rebar3], [], "hexpm", "2b3e9da0b21c4565751a6d4901c20d1b4cc25cbb7fd50d91d2ab6dd287bc86a9"},
  "credo": {:hex, :credo, "1.6.1", "7dc76dcdb764a4316c1596804c48eada9fff44bd4b733a91ccbf0c0f368be61e", [:mix], [{:bunt, "~> 0.2.0", [hex: :bunt, repo: "hexpm", optional: false]}, {:file_system, "~> 0.2.8", [hex: :file_system, repo: "hexpm", optional: false]}, {:jason, "~> 1.0", [hex: :jason, repo: "hexpm", optional: false]}], "hexpm", "698607fb5993720c7e93d2d8e76f2175bba024de964e160e2f7151ef3ab82ac5"},
  "dataloader": {:hex, :dataloader, "1.0.10", "a42f07641b1a0572e0b21a2a5ae1be11da486a6790f3d0d14512d96ff3e3bbe9", [:mix], [{:ecto, ">= 3.4.3 and < 4.0.0", [hex: :ecto, repo: "hexpm", optional: true]}, {:telemetry, "~> 1.0 or ~> 0.4", [hex: :telemetry, repo: "hexpm", optional: false]}], "hexpm", "54cd70cec09addf4b2ace14cc186a283a149fd4d3ec5475b155951bf33cd963f"},
  "db_connection": {:hex, :db_connection, "2.4.1", "6411f6e23f1a8b68a82fa3a36366d4881f21f47fc79a9efb8c615e62050219da", [:mix], [{:connection, "~> 1.0", [hex: :connection, repo: "hexpm", optional: false]}, {:telemetry, "~> 0.4 or ~> 1.0", [hex: :telemetry, repo: "hexpm", optional: false]}], "hexpm", "ea36d226ec5999781a9a8ad64e5d8c4454ecedc7a4d643e4832bf08efca01f00"},
  "decimal": {:hex, :decimal, "2.0.0", "a78296e617b0f5dd4c6caf57c714431347912ffb1d0842e998e9792b5642d697", [:mix], [], "hexpm", "34666e9c55dea81013e77d9d87370fe6cb6291d1ef32f46a1600230b1d44f577"},
  "dialyxir": {:hex, :dialyxir, "1.1.0", "c5aab0d6e71e5522e77beff7ba9e08f8e02bad90dfbeffae60eaf0cb47e29488", [:mix], [{:erlex, ">= 0.2.6", [hex: :erlex, repo: "hexpm", optional: false]}], "hexpm", "07ea8e49c45f15264ebe6d5b93799d4dd56a44036cf42d0ad9c960bc266c0b9a"},
  "ecto": {:hex, :ecto, "3.7.1", "a20598862351b29f80f285b21ec5297da1181c0442687f9b8329f0445d228892", [:mix], [{:decimal, "~> 1.6 or ~> 2.0", [hex: :decimal, repo: "hexpm", optional: false]}, {:jason, "~> 1.0", [hex: :jason, repo: "hexpm", optional: true]}, {:telemetry, "~> 0.4 or ~> 1.0", [hex: :telemetry, repo: "hexpm", optional: false]}], "hexpm", "d36e5b39fc479e654cffd4dbe1865d9716e4a9b6311faff799b6f90ab81b8638"},
  "ecto_enum_migration": {:hex, :ecto_enum_migration, "0.3.4", "2a3a7595e72a27d8f7f828c2eae78839c95b5e32fe9af276061dff9c079e1fd9", [:mix], [{:ecto_sql, "~> 3.0", [hex: :ecto_sql, repo: "hexpm", optional: false]}, {:postgrex, ">= 0.0.0", [hex: :postgrex, repo: "hexpm", optional: false]}], "hexpm", "30cdb70d268b0c0e43b0442eaa327bcae9e6e6dfae6273c514e3a81f978e67fd"},
  "ecto_fields": {:hex, :ecto_fields, "1.3.0", "c94e74e4f7d2647b47df13a42a703264d77bc81bb4578946536908b95e5bacb7", [:mix], [{:ecto, ">= 2.2.0", [hex: :ecto, repo: "hexpm", optional: false]}], "hexpm", "51177b17056a56fe8ac0fbbfb54977ffdbd1c26a832227b014823e5f1d2ad766"},
  "ecto_psql_extras": {:hex, :ecto_psql_extras, "0.7.4", "5d43fd088d39a158c860b17e8d210669587f63ec89ea122a4654861c8c6e2db4", [:mix], [{:ecto_sql, "~> 3.4", [hex: :ecto_sql, repo: "hexpm", optional: false]}, {:postgrex, ">= 0.15.7", [hex: :postgrex, repo: "hexpm", optional: false]}, {:table_rex, "~> 3.1.1", [hex: :table_rex, repo: "hexpm", optional: false]}], "hexpm", "311db02f1b772e3d0dc7f56a05044b5e1499d78ed6abf38885e1ca70059449e5"},
  "ecto_sql": {:hex, :ecto_sql, "3.7.1", "8de624ef50b2a8540252d8c60506379fbbc2707be1606853df371cf53df5d053", [:mix], [{:db_connection, "~> 2.2", [hex: :db_connection, repo: "hexpm", optional: false]}, {:ecto, "~> 3.7.0", [hex: :ecto, repo: "hexpm", optional: false]}, {:myxql, "~> 0.4.0 or ~> 0.5.0", [hex: :myxql, repo: "hexpm", optional: true]}, {:postgrex, "~> 0.15.0 or ~> 1.0", [hex: :postgrex, repo: "hexpm", optional: true]}, {:tds, "~> 2.1.1 or ~> 2.2", [hex: :tds, repo: "hexpm", optional: true]}, {:telemetry, "~> 0.4.0 or ~> 1.0", [hex: :telemetry, repo: "hexpm", optional: false]}], "hexpm", "2b42a32e2ce92f64aba5c88617891ab3b0ba34f3f3a503fa20009eae1a401c81"},
  "elixir_make": {:hex, :elixir_make, "0.6.3", "bc07d53221216838d79e03a8019d0839786703129599e9619f4ab74c8c096eac", [:mix], [], "hexpm", "f5cbd651c5678bcaabdbb7857658ee106b12509cd976c2c2fca99688e1daf716"},
  "eredis": {:hex, :eredis, "1.4.0", "7d9fdab23cd1a8f119529ffa9dbc027299f41fbc5e48eba2578ef0f29e95336b", [:mix, :rebar3], [], "hexpm", "583c7d8d79a5f658110c4740924c5b9f12d67a1b3c1be6c351cfcb13b1825c50"},
  "erlex": {:hex, :erlex, "0.2.6", "c7987d15e899c7a2f34f5420d2a2ea0d659682c06ac607572df55a43753aa12e", [:mix], [], "hexpm", "2ed2e25711feb44d52b17d2780eabf998452f6efda104877a3881c2f8c0c0c75"},
  "ex_aws": {:hex, :ex_aws, "2.2.9", "295d2a9939315b2e27c92bde9615e2904d85442e5b59e259c4ee673e8a222c84", [:mix], [{:configparser_ex, "~> 4.0", [hex: :configparser_ex, repo: "hexpm", optional: true]}, {:hackney, "~> 1.16", [hex: :hackney, repo: "hexpm", optional: true]}, {:jason, "~> 1.1", [hex: :jason, repo: "hexpm", optional: true]}, {:jsx, "~> 2.8 or ~> 3.0", [hex: :jsx, repo: "hexpm", optional: true]}, {:mime, "~> 1.2 or ~> 2.0", [hex: :mime, repo: "hexpm", optional: false]}, {:sweet_xml, "~> 0.7", [hex: :sweet_xml, repo: "hexpm", optional: true]}, {:telemetry, "~> 0.4.3 or ~> 1.0", [hex: :telemetry, repo: "hexpm", optional: false]}], "hexpm", "f86e62f8c2a35c4536332b678a0edc18a9cd810d839cf1a9086f745ccf1fcc94"},
  "ex_aws_s3": {:hex, :ex_aws_s3, "2.3.2", "92a63b72d763b488510626d528775b26831f5c82b066a63a3128054b7a09de28", [:mix], [{:ex_aws, "~> 2.0", [hex: :ex_aws, repo: "hexpm", optional: false]}, {:sweet_xml, ">= 0.0.0", [hex: :sweet_xml, repo: "hexpm", optional: true]}], "hexpm", "b235b27131409bcc293c343bf39f1fbdd32892aa237b3f13752e914dc2979960"},
  "ex_unit_notifier": {:hex, :ex_unit_notifier, "1.2.0", "73ced2ecee0f2da0705e372c21ce61e4e5d927ddb797f73928e52818b9cc1754", [:mix], [], "hexpm", "f38044c9d50de68ad7f0aec4d781a10d9f1c92c62b36bf0227ec0aaa96aee332"},
  "excoveralls": {:hex, :excoveralls, "0.14.4", "295498f1ae47bdc6dce59af9a585c381e1aefc63298d48172efaaa90c3d251db", [:mix], [{:hackney, "~> 1.16", [hex: :hackney, repo: "hexpm", optional: false]}, {:jason, "~> 1.0", [hex: :jason, repo: "hexpm", optional: false]}], "hexpm", "e3ab02f2df4c1c7a519728a6f0a747e71d7d6e846020aae338173619217931c1"},
  "file_system": {:hex, :file_system, "0.2.10", "fb082005a9cd1711c05b5248710f8826b02d7d1784e7c3451f9c1231d4fc162d", [:mix], [], "hexpm", "41195edbfb562a593726eda3b3e8b103a309b733ad25f3d642ba49696bf715dc"},
  "gettext": {:hex, :gettext, "0.19.0", "6909d61b38bb33339558f128f8af5913d5d5fe304a770217bf352b1620fb7ec4", [:mix], [], "hexpm", "3f7a274f52ebda9bb6655dfeda3d6b0dc4537ae51ce41dcccc7f73ca7379ad5e"},
  "gun": {:hex, :gun, "1.3.1", "1489fd96018431b89f401041a9ce0b02b45265247f0fdcf71273bf087c64ea4f", [:rebar3], [{:cowlib, "~> 2.6.0", [hex: :cowlib, repo: "hexpm", optional: false]}], "hexpm", "f4d25a6946e34fe5d4d698db32b0f2a9bbb1e9fd75d23a0ffadbad373c48451f"},
  "hackney": {:hex, :hackney, "1.17.1", "08463f93d2cc1a03817bf28d8dae6021543f773bd436c9377047224856c4422c", [:rebar3], [{:certifi, "~>2.5", [hex: :certifi, repo: "hexpm", optional: false]}, {:idna, "~>6.1.0", [hex: :idna, repo: "hexpm", optional: false]}, {:metrics, "~>1.0.0", [hex: :metrics, repo: "hexpm", optional: false]}, {:mimerl, "~>1.1", [hex: :mimerl, repo: "hexpm", optional: false]}, {:parse_trans, "~>3.3", [hex: :parse_trans, repo: "hexpm", optional: false]}, {:ssl_verify_fun, "~>1.1.0", [hex: :ssl_verify_fun, repo: "hexpm", optional: false]}, {:unicode_util_compat, "~>0.7.0", [hex: :unicode_util_compat, repo: "hexpm", optional: false]}], "hexpm", "d2cba9e3c8103ad0320623e9f1c33e8d378a15eaabe2ee8ae441898f3d35a18c"},
  "hammox": {:hex, :hammox, "0.5.0", "e621c7832a2226cd5ef4b20d16adc825d12735fd40c43e01527995a180823ca5", [:mix], [{:mox, "~> 1.0", [hex: :mox, repo: "hexpm", optional: false]}, {:ordinal, "~> 0.1", [hex: :ordinal, repo: "hexpm", optional: false]}], "hexpm", "15bf108989b894e87ef6778a2950025399bc8d69f344f319247b22531e32de2f"},
  "httpoison": {:hex, :httpoison, "1.8.0", "6b85dea15820b7804ef607ff78406ab449dd78bed923a49c7160e1886e987a3d", [:mix], [{:hackney, "~> 1.17", [hex: :hackney, repo: "hexpm", optional: false]}], "hexpm", "28089eaa98cf90c66265b6b5ad87c59a3729bea2e74e9d08f9b51eb9729b3c3a"},
  "idna": {:hex, :idna, "6.1.1", "8a63070e9f7d0c62eb9d9fcb360a7de382448200fbbd1b106cc96d3d8099df8d", [:rebar3], [{:unicode_util_compat, "~>0.7.0", [hex: :unicode_util_compat, repo: "hexpm", optional: false]}], "hexpm", "92376eb7894412ed19ac475e4a86f7b413c1b9fbb5bd16dccd57934157944cea"},
  "jason": {:hex, :jason, "1.3.0", "fa6b82a934feb176263ad2df0dbd91bf633d4a46ebfdffea0c8ae82953714946", [:mix], [{:decimal, "~> 1.0 or ~> 2.0", [hex: :decimal, repo: "hexpm", optional: true]}], "hexpm", "53fc1f51255390e0ec7e50f9cb41e751c260d065dcba2bf0d08dc51a4002c2ac"},
  "joken": {:hex, :joken, "2.4.1", "63a6e47aaf735637879f31babfad93c936d63b8b7d01c5ef44c7f37689e71ab4", [:mix], [{:jose, "~> 1.11.2", [hex: :jose, repo: "hexpm", optional: false]}], "hexpm", "d4fc7c703112b2dedc4f9ec214856c3a07108c4835f0f174a369521f289c98d1"},
  "jose": {:hex, :jose, "1.11.2", "f4c018ccf4fdce22c71e44d471f15f723cb3efab5d909ab2ba202b5bf35557b3", [:mix, :rebar3], [], "hexpm", "98143fbc48d55f3a18daba82d34fe48959d44538e9697c08f34200fa5f0947d2"},
  "jsx": {:hex, :jsx, "3.1.0", "d12516baa0bb23a59bb35dccaf02a1bd08243fcbb9efe24f2d9d056ccff71268", [:rebar3], [], "hexpm", "0c5cc8fdc11b53cc25cf65ac6705ad39e54ecc56d1c22e4adb8f5a53fb9427f3"},
  "kaffy": {:git, "https://github.com/teamwalnut/kaffy", "f41696bd4de328c81ae87eb6e9d795ffc1c30756", [ref: "f41696bd4de328c81ae87eb6e9d795ffc1c30756"]},
  "ldclient": {:hex, :launchdarkly_server_sdk, "1.3.1", "85e06e3243f6338b9e88ffbf1df32018e6c3dd1f12a11039559c66017c3b505a", [:rebar3], [{:backoff, "1.1.6", [hex: :backoff, repo: "hexpm", optional: false]}, {:certifi, "2.8.0", [hex: :certifi, repo: "hexpm", optional: false]}, {:eredis, "1.4.0", [hex: :eredis, repo: "hexpm", optional: false]}, {:jsx, "3.1.0", [hex: :jsx, repo: "hexpm", optional: false]}, {:lru, "1.3.1", [hex: :lru, repo: "hexpm", optional: false]}, {:shotgun, "0.5.0", [hex: :shotgun, repo: "hexpm", optional: false]}, {:uuid, "~>2.0.2", [hex: :uuid_erl, repo: "hexpm", optional: false]}, {:verl, "1.0.1", [hex: :verl, repo: "hexpm", optional: false]}, {:yamerl, "0.8.1", [hex: :yamerl, repo: "hexpm", optional: false]}], "hexpm", "b97910577b76eb6824df4d84a5f7dab71e256c581a0756a90eb8d30d86035cd4"},
  "logger_json": {:hex, :logger_json, "4.3.0", "41aaaab2c2e1c071bfddbcc5a3f567884fdf312d222c7f1a7e3de6ab667774f7", [:mix], [{:ecto, "~> 2.1 or ~> 3.0", [hex: :ecto, repo: "hexpm", optional: true]}, {:jason, "~> 1.0", [hex: :jason, repo: "hexpm", optional: false]}, {:plug, "~> 1.0", [hex: :plug, repo: "hexpm", optional: true]}, {:telemetry, "~> 0.4.0 or ~> 1.0", [hex: :telemetry, repo: "hexpm", optional: true]}], "hexpm", "001bbc34d7c451cfeed298c8384cb3aab10b364db2eb095c466c7a1a28bee6e0"},
  "lru": {:hex, :lru, "1.3.1", "5e1408df9effef6e719fa66ddcaecb3c816a5c167c6e95438fe5a24b9251f380", [:rebar3], [], "hexpm", "cd6ac15c383d58cd2933df9cb918617b24b12b6e5fb24d94c4c8f200fd93f619"},
  "metrics": {:hex, :metrics, "1.0.1", "25f094dea2cda98213cecc3aeff09e940299d950904393b2a29d191c346a8486", [:rebar3], [], "hexpm", "69b09adddc4f74a40716ae54d140f93beb0fb8978d8636eaded0c31b6f099f16"},
  "mime": {:hex, :mime, "1.6.0", "dabde576a497cef4bbdd60aceee8160e02a6c89250d6c0b29e56c0dfb00db3d2", [:mix], [], "hexpm", "31a1a8613f8321143dde1dafc36006a17d28d02bdfecb9e95a880fa7aabd19a7"},
  "mimerl": {:hex, :mimerl, "1.2.0", "67e2d3f571088d5cfd3e550c383094b47159f3eee8ffa08e64106cdf5e981be3", [:rebar3], [], "hexpm", "f278585650aa581986264638ebf698f8bb19df297f66ad91b18910dfc6e19323"},
  "mint": {:hex, :mint, "1.4.0", "cd7d2451b201fc8e4a8fd86257fb3878d9e3752899eb67b0c5b25b180bde1212", [:mix], [{:castore, "~> 0.1.0", [hex: :castore, repo: "hexpm", optional: true]}], "hexpm", "10a99e144b815cbf8522dccbc8199d15802440fc7a64d67b6853adb6fa170217"},
  "mix_test_watch": {:hex, :mix_test_watch, "1.1.0", "330bb91c8ed271fe408c42d07e0773340a7938d8a0d281d57a14243eae9dc8c3", [:mix], [{:file_system, "~> 0.2.1 or ~> 0.3", [hex: :file_system, repo: "hexpm", optional: false]}], "hexpm", "52b6b1c476cbb70fd899ca5394506482f12e5f6b0d6acff9df95c7f1e0812ec3"},
  "mojito": {:hex, :mojito, "0.7.10", "90b09666c2a81154caa02b87e73650e03817c03fdcc6bf79328c91193643e140", [:mix], [{:castore, "~> 0.1", [hex: :castore, repo: "hexpm", optional: false]}, {:mint, "~> 1.1", [hex: :mint, repo: "hexpm", optional: false]}, {:poolboy, "~> 1.5", [hex: :poolboy, repo: "hexpm", optional: false]}, {:telemetry, "~> 0.4 or ~> 1.0", [hex: :telemetry, repo: "hexpm", optional: false]}], "hexpm", "73776628801367e461b1f5771c36d1f748530b7aa16a4ca9d6b06caf88a722cd"},
  "mox": {:hex, :mox, "1.0.1", "b651bf0113265cda0ba3a827fcb691f848b683c373b77e7d7439910a8d754d6e", [:mix], [], "hexpm", "35bc0dea5499d18db4ef7fe4360067a59b06c74376eb6ab3bd67e6295b133469"},
  "msgpax": {:hex, :msgpax, "2.3.0", "14f52ad249a3f77b5e2d59f6143e6c18a6e74f34666989e22bac0a465f9835cc", [:mix], [{:plug, "~> 1.0", [hex: :plug, repo: "hexpm", optional: true]}], "hexpm", "65c36846a62ed5615baf7d7d47babb6541313a6c0b6d2ff19354bd518f52df7e"},
  "nimble_options": {:hex, :nimble_options, "0.4.0", "c89babbab52221a24b8d1ff9e7d838be70f0d871be823165c94dd3418eea728f", [:mix], [], "hexpm", "e6701c1af326a11eea9634a3b1c62b475339ace9456c1a23ec3bc9a847bca02d"},
  "nimble_parsec": {:hex, :nimble_parsec, "1.2.0", "b44d75e2a6542dcb6acf5d71c32c74ca88960421b6874777f79153bbbbd7dccc", [:mix], [], "hexpm", "52b2871a7515a5ac49b00f214e4165a40724cf99798d8e4a65e4fd64ebd002c1"},
  "oban": {:hex, :oban, "2.10.1", "202a90f2aed0130b7d750bdbfea8090c8321bce255bade10fd3699733565add0", [:mix], [{:ecto_sql, "~> 3.6", [hex: :ecto_sql, repo: "hexpm", optional: false]}, {:jason, "~> 1.1", [hex: :jason, repo: "hexpm", optional: false]}, {:postgrex, "~> 0.14", [hex: :postgrex, repo: "hexpm", optional: false]}, {:telemetry, "~> 0.4 or ~> 1.0", [hex: :telemetry, repo: "hexpm", optional: false]}], "hexpm", "161cdd01194147cd6a3efdb1d6c3d9689309991412f799c1e242c18912e307c3"},
  "optimal": {:hex, :optimal, "0.3.6", "46bbf52fbbbd238cda81e02560caa84f93a53c75620f1fe19e81e4ae7b07d1dd", [:mix], [], "hexpm", "1a06ea6a653120226b35b283a1cd10039550f2c566edcdec22b29316d73640fd"},
  "ordinal": {:hex, :ordinal, "0.2.0", "d3eda0cb04ee1f0ca0aae37bf2cf56c28adce345fe56a75659031b6068275191", [:mix], [], "hexpm", "defca8f10dee9f03a090ed929a595303252700a9a73096b6f2f8d88341690d65"},
  "parse_trans": {:hex, :parse_trans, "3.4.1", "6e6aa8167cb44cc8f39441d05193be6e6f4e7c2946cb2759f015f8c56b76e5ff", [:rebar3], [], "hexpm", "620a406ce75dada827b82e453c19cf06776be266f5a67cff34e1ef2cbb60e49a"},
  "phoenix": {:hex, :phoenix, "1.6.5", "07af307b28a5820b4394f27ac7003df052e065ff651520a58abb16be1eecd519", [:mix], [{:jason, "~> 1.0", [hex: :jason, repo: "hexpm", optional: true]}, {:phoenix_pubsub, "~> 2.0", [hex: :phoenix_pubsub, repo: "hexpm", optional: false]}, {:phoenix_view, "~> 1.0", [hex: :phoenix_view, repo: "hexpm", optional: false]}, {:plug, "~> 1.10", [hex: :plug, repo: "hexpm", optional: false]}, {:plug_cowboy, "~> 2.2", [hex: :plug_cowboy, repo: "hexpm", optional: true]}, {:plug_crypto, "~> 1.2", [hex: :plug_crypto, repo: "hexpm", optional: false]}, {:telemetry, "~> 0.4 or ~> 1.0", [hex: :telemetry, repo: "hexpm", optional: false]}], "hexpm", "97dc3052ca648499280e0636471f1d0439fc623ccdce27d2d8135651421ee80c"},
  "phoenix_ecto": {:hex, :phoenix_ecto, "4.4.0", "0672ed4e4808b3fbed494dded89958e22fb882de47a97634c0b13e7b0b5f7720", [:mix], [{:ecto, "~> 3.3", [hex: :ecto, repo: "hexpm", optional: false]}, {:phoenix_html, "~> 2.14.2 or ~> 3.0", [hex: :phoenix_html, repo: "hexpm", optional: true]}, {:plug, "~> 1.9", [hex: :plug, repo: "hexpm", optional: false]}], "hexpm", "09864e558ed31ee00bd48fcc1d4fc58ae9678c9e81649075431e69dbabb43cc1"},
  "phoenix_html": {:hex, :phoenix_html, "3.2.0", "1c1219d4b6cb22ac72f12f73dc5fad6c7563104d083f711c3fcd8551a1f4ae11", [:mix], [{:plug, "~> 1.5", [hex: :plug, repo: "hexpm", optional: true]}], "hexpm", "36ec97ba56d25c0136ef1992c37957e4246b649d620958a1f9fa86165f8bc54f"},
  "phoenix_live_dashboard": {:hex, :phoenix_live_dashboard, "0.6.2", "0769470265eb13af01b5001b29cb935f4710d6adaa1ffc18417a570a337a2f0f", [:mix], [{:ecto, "~> 3.6.2 or ~> 3.7", [hex: :ecto, repo: "hexpm", optional: true]}, {:ecto_mysql_extras, "~> 0.3", [hex: :ecto_mysql_extras, repo: "hexpm", optional: true]}, {:ecto_psql_extras, "~> 0.7", [hex: :ecto_psql_extras, repo: "hexpm", optional: true]}, {:mime, "~> 1.6 or ~> 2.0", [hex: :mime, repo: "hexpm", optional: false]}, {:phoenix_live_view, "~> 0.17.1", [hex: :phoenix_live_view, repo: "hexpm", optional: false]}, {:telemetry_metrics, "~> 0.6.0", [hex: :telemetry_metrics, repo: "hexpm", optional: false]}], "hexpm", "5bc6c6b38a2ca8b5020b442322fcee6afd5e641637a0b1fb059d4bd89bc58e7b"},
  "phoenix_live_view": {:hex, :phoenix_live_view, "0.17.5", "63f52a6f9f6983f04e424586ff897c016ecc5e4f8d1e2c22c2887af1c57215d8", [:mix], [{:jason, "~> 1.0", [hex: :jason, repo: "hexpm", optional: true]}, {:phoenix, "~> 1.5.9 or ~> 1.6.0", [hex: :phoenix, repo: "hexpm", optional: false]}, {:phoenix_html, "~> 3.1", [hex: :phoenix_html, repo: "hexpm", optional: false]}, {:telemetry, "~> 0.4.2 or ~> 1.0", [hex: :telemetry, repo: "hexpm", optional: false]}], "hexpm", "c5586e6a3d4df71b8214c769d4f5eb8ece2b4001711a7ca0f97323c36958b0e3"},
  "phoenix_pubsub": {:hex, :phoenix_pubsub, "2.0.0", "a1ae76717bb168cdeb10ec9d92d1480fec99e3080f011402c0a2d68d47395ffb", [:mix], [], "hexpm", "c52d948c4f261577b9c6fa804be91884b381a7f8f18450c5045975435350f771"},
  "phoenix_pubsub_redis": {:hex, :phoenix_pubsub_redis, "3.0.1", "d4d856b1e57a21358e448543e1d091e07e83403dde4383b8be04ed9d2c201cbc", [:mix], [{:phoenix_pubsub, "~> 2.0", [hex: :phoenix_pubsub, repo: "hexpm", optional: false]}, {:poolboy, "~> 1.5.1 or ~> 1.6", [hex: :poolboy, repo: "hexpm", optional: false]}, {:redix, "~> 0.10.0 or ~> 1.0", [hex: :redix, repo: "hexpm", optional: false]}], "hexpm", "0b36a17ff6e9a56159f8df8933d62b5c1f0695eae995a02e0c86c035ace6a309"},
  "phoenix_view": {:hex, :phoenix_view, "1.0.0", "fea71ecaaed71178b26dd65c401607de5ec22e2e9ef141389c721b3f3d4d8011", [:mix], [{:phoenix_html, "~> 2.14.2 or ~> 3.0", [hex: :phoenix_html, repo: "hexpm", optional: true]}], "hexpm", "82be3e2516f5633220246e2e58181282c71640dab7afc04f70ad94253025db0c"},
  "plug": {:hex, :plug, "1.12.1", "645678c800601d8d9f27ad1aebba1fdb9ce5b2623ddb961a074da0b96c35187d", [:mix], [{:mime, "~> 1.0 or ~> 2.0", [hex: :mime, repo: "hexpm", optional: false]}, {:plug_crypto, "~> 1.1.1 or ~> 1.2", [hex: :plug_crypto, repo: "hexpm", optional: false]}, {:telemetry, "~> 0.4.3 or ~> 1.0", [hex: :telemetry, repo: "hexpm", optional: false]}], "hexpm", "d57e799a777bc20494b784966dc5fbda91eb4a09f571f76545b72a634ce0d30b"},
  "plug_cowboy": {:hex, :plug_cowboy, "2.5.2", "62894ccd601cf9597e2c23911ff12798a8a18d237e9739f58a6b04e4988899fe", [:mix], [{:cowboy, "~> 2.7", [hex: :cowboy, repo: "hexpm", optional: false]}, {:cowboy_telemetry, "~> 0.3", [hex: :cowboy_telemetry, repo: "hexpm", optional: false]}, {:plug, "~> 1.7", [hex: :plug, repo: "hexpm", optional: false]}], "hexpm", "ea6e87f774c8608d60c8d34022a7d073bd7680a0a013f049fc62bf35efea1044"},
  "plug_crypto": {:hex, :plug_crypto, "1.2.2", "05654514ac717ff3a1843204b424477d9e60c143406aa94daf2274fdd280794d", [:mix], [], "hexpm", "87631c7ad914a5a445f0a3809f99b079113ae4ed4b867348dd9eec288cecb6db"},
  "polymorphic_embed": {:hex, :polymorphic_embed, "1.8.0", "41f375666fbb266e86a3121157ce83602813628e34b8734d5e83345b3a1f981c", [:mix], [{:ecto, "~> 3.6", [hex: :ecto, repo: "hexpm", optional: false]}, {:jason, "~> 1.2", [hex: :jason, repo: "hexpm", optional: false]}, {:phoenix_html, "~> 2.14 or ~> 3.0", [hex: :phoenix_html, repo: "hexpm", optional: true]}], "hexpm", "b150d84d26524b1a8e44b9e18acbaed20bccc6f52f130db7c28e6eddb198c4e1"},
  "poolboy": {:hex, :poolboy, "1.5.2", "392b007a1693a64540cead79830443abf5762f5d30cf50bc95cb2c1aaafa006b", [:rebar3], [], "hexpm", "dad79704ce5440f3d5a3681c8590b9dc25d1a561e8f5a9c995281012860901e3"},
  "postgrex": {:hex, :postgrex, "0.15.13", "7794e697481799aee8982688c261901de493eb64451feee6ea58207d7266d54a", [:mix], [{:connection, "~> 1.0", [hex: :connection, repo: "hexpm", optional: false]}, {:db_connection, "~> 2.1", [hex: :db_connection, repo: "hexpm", optional: false]}, {:decimal, "~> 1.5 or ~> 2.0", [hex: :decimal, repo: "hexpm", optional: false]}, {:jason, "~> 1.0", [hex: :jason, repo: "hexpm", optional: true]}], "hexpm", "3ffb76e1a97cfefe5c6a95632a27ffb67f28871c9741fb585f9d1c3cd2af70f1"},
  "quickrand": {:hex, :quickrand, "2.0.4", "168ca3a8466a26912b8c3a1d6aa58975e1bb49e5c7afb4998b80f6b90f910490", [:rebar3], [], "hexpm", "4cb18e9304cf28e054e8dc6e151d1ac7f174e6fe31d5c1a07f71279b92a90800"},
  "ranch": {:hex, :ranch, "1.8.0", "8c7a100a139fd57f17327b6413e4167ac559fbc04ca7448e9be9057311597a1d", [:make, :rebar3], [], "hexpm", "49fbcfd3682fab1f5d109351b61257676da1a2fdbe295904176d5e521a2ddfe5"},
  "redix": {:hex, :redix, "1.1.5", "6fc460d66a5c2287e83e6d73dddc8d527ff59cb4d4f298b41e03a4db8c3b2bd5", [:mix], [{:castore, "~> 0.1.0", [hex: :castore, repo: "hexpm", optional: true]}, {:telemetry, "~> 0.4.0 or ~> 1.0", [hex: :telemetry, repo: "hexpm", optional: false]}], "hexpm", "679afdd4c14502fe9c11387ff1cdcb33065a1cf511097da1eee407f17c7a418b"},
  "retry": {:hex, :retry, "0.15.0", "ba6aaeba92905a396c18c299a07e638947b2ba781e914f803202bc1b9ae867c3", [:mix], [], "hexpm", "93d3310bce78c0a30cc94610684340a14adfc9136856a3f662e4d9ce6013c784"},
  "segment": {:hex, :segment, "0.2.6", "6245181615cdb6b5d1c85a0a3bb47ceca7bb6d96aaedbd844ccf6c1a5ee4317a", [:mix], [{:hackney, "~> 1.15", [hex: :hackney, repo: "hexpm", optional: false]}, {:jason, ">= 1.0.0", [hex: :jason, repo: "hexpm", optional: false]}, {:retry, "~> 0.13", [hex: :retry, repo: "hexpm", optional: false]}, {:telemetry, "~> 0.4.2 or ~> 1.0", [hex: :telemetry, repo: "hexpm", optional: false]}, {:tesla, "~> 1.2", [hex: :tesla, repo: "hexpm", optional: false]}], "hexpm", "235f50f5a7807849cd56b6fabc9b86b3510e4b1b310c914103eb586869cfb52a"},
  "sentry": {:hex, :sentry, "8.0.6", "c8de1bf0523bc120ec37d596c55260901029ecb0994e7075b0973328779ceef7", [:mix], [{:hackney, "~> 1.8", [hex: :hackney, repo: "hexpm", optional: true]}, {:jason, "~> 1.1", [hex: :jason, repo: "hexpm", optional: true]}, {:plug, "~> 1.6", [hex: :plug, repo: "hexpm", optional: true]}, {:plug_cowboy, "~> 2.3", [hex: :plug_cowboy, repo: "hexpm", optional: true]}], "hexpm", "051a2d0472162f3137787c7c9d6e6e4ef239de9329c8c45b1f1bf1e9379e1883"},
  "shotgun": {:hex, :shotgun, "0.5.0", "f780cc0d7bbebb7b6067c519245d4db62321f35bd05029080fc8499c1680f10c", [:rebar], [{:gun, "1.3.1", [hex: :gun, repo: "hexpm", optional: false]}], "hexpm", "f7a03c23589c04ff2692ff8f5a1a6db8da22153db15a97a9fe1223dbffaf2213"},
  "snapshy": {:hex, :snapshy, "0.2.4", "7d6e0d3747989c5ab62a70bcd03f0f5ccdf859357957489080b2528c79e431fc", [:mix], [], "hexpm", "3cb70f4d9699cbb6ade7682a97f828c91f045edcde67f11ce471a393e94f5acc"},
  "sobelow": {:hex, :sobelow, "0.11.1", "23438964486f8112b41e743bbfd402da3e5b296fdc9eacab29914b79c48916dd", [:mix], [{:jason, "~> 1.0", [hex: :jason, repo: "hexpm", optional: false]}], "hexpm", "9897363a7eff96f4809304a90aad819e2ad5e5d24db547af502885146746a53c"},
  "spandex": {:hex, :spandex, "3.1.0", "e43df29af70f6f0c13ddd07a5e68650e13dd2a76c6215977c651e64412e8ebee", [:mix], [{:decorator, "~> 1.2", [hex: :decorator, repo: "hexpm", optional: true]}, {:optimal, "~> 0.3.3", [hex: :optimal, repo: "hexpm", optional: false]}, {:plug, ">= 1.0.0", [hex: :plug, repo: "hexpm", optional: false]}], "hexpm", "6b053ab307856e34237f06a5ea931eeadf78bdd6f00a49bbfb4103e004a3d3c7"},
  "spandex_datadog": {:hex, :spandex_datadog, "1.2.0", "007600250cfa17535138d1e56a4948222285150dfeb0e7a92e55fcf11d5f82f3", [:mix], [{:msgpax, "~> 2.2.1 or ~> 2.3", [hex: :msgpax, repo: "hexpm", optional: false]}, {:spandex, "~> 3.0", [hex: :spandex, repo: "hexpm", optional: false]}, {:telemetry, "~> 0.4.2 or ~> 1.0", [hex: :telemetry, repo: "hexpm", optional: false]}], "hexpm", "f11cd7c2d9ef6c2958b055c5ac00541435144e8ff9594860b40dbada7702a656"},
  "spandex_ecto": {:hex, :spandex_ecto, "0.7.0", "259ad2feb7c834e774ec623f99c0fbacca8d60a73be212f92b75e37f853c81be", [:mix], [{:spandex, "~> 2.2 or ~> 3.0", [hex: :spandex, repo: "hexpm", optional: false]}], "hexpm", "c64784be79d95538013b7c60828830411c5c7aff1f4e8d66dfe564b3c83b500e"},
  "spandex_phoenix": {:hex, :spandex_phoenix, "1.0.6", "b2caf99cd37cf5c501c89de6099b07a8efab31747dbd63ed2fff802bb02c6937", [:mix], [{:optimal, "~> 0.3", [hex: :optimal, repo: "hexpm", optional: false]}, {:phoenix, "~> 1.0", [hex: :phoenix, repo: "hexpm", optional: true]}, {:plug, "~> 1.3", [hex: :plug, repo: "hexpm", optional: false]}, {:spandex, "~> 2.2 or ~> 3.0", [hex: :spandex, repo: "hexpm", optional: false]}, {:telemetry, "~> 0.4 or ~> 1.0", [hex: :telemetry, repo: "hexpm", optional: true]}], "hexpm", "e286d4bfe6917ecddf56b47553322b55bdc328326b7d86a6c35b4835679e9784"},
  "ssl_verify_fun": {:hex, :ssl_verify_fun, "1.1.6", "cf344f5692c82d2cd7554f5ec8fd961548d4fd09e7d22f5b62482e5aeaebd4b0", [:make, :mix, :rebar3], [], "hexpm", "bdb0d2471f453c88ff3908e7686f86f9be327d065cc1ec16fa4540197ea04680"},
  "table_rex": {:hex, :table_rex, "3.1.1", "0c67164d1714b5e806d5067c1e96ff098ba7ae79413cc075973e17c38a587caa", [:mix], [], "hexpm", "678a23aba4d670419c23c17790f9dcd635a4a89022040df7d5d772cb21012490"},
  "telemetry": {:hex, :telemetry, "0.4.3", "a06428a514bdbc63293cd9a6263aad00ddeb66f608163bdec7c8995784080818", [:rebar3], [], "hexpm", "eb72b8365ffda5bed68a620d1da88525e326cb82a75ee61354fc24b844768041"},
  "telemetry_metrics": {:hex, :telemetry_metrics, "0.6.1", "315d9163a1d4660aedc3fee73f33f1d355dcc76c5c3ab3d59e76e3edf80eef1f", [:mix], [{:telemetry, "~> 0.4 or ~> 1.0", [hex: :telemetry, repo: "hexpm", optional: false]}], "hexpm", "7be9e0871c41732c233be71e4be11b96e56177bf15dde64a8ac9ce72ac9834c6"},
  "telemetry_metrics_statsd": {:hex, :telemetry_metrics_statsd, "0.6.2", "3400d9ac909a05198f5f0d998c9876b3c8e06a7ba9f48fe6ab3f39dcfea93892", [:mix], [{:nimble_options, "~> 0.4", [hex: :nimble_options, repo: "hexpm", optional: false]}, {:telemetry, "~> 0.4 or ~> 1.0", [hex: :telemetry, repo: "hexpm", optional: false]}, {:telemetry_metrics, "~> 0.6", [hex: :telemetry_metrics, repo: "hexpm", optional: false]}], "hexpm", "20a5cc3779c0b4fe003df6f6bcd44c18d1cec09264ca8af5c700943f224f5ff1"},
  "telemetry_poller": {:hex, :telemetry_poller, "0.5.1", "21071cc2e536810bac5628b935521ff3e28f0303e770951158c73eaaa01e962a", [:rebar3], [{:telemetry, "~> 0.4", [hex: :telemetry, repo: "hexpm", optional: false]}], "hexpm", "4cab72069210bc6e7a080cec9afffad1b33370149ed5d379b81c7c5f0c663fd4"},
  "tesla": {:hex, :tesla, "1.4.4", "bb89aa0c9745190930366f6a2ac612cdf2d0e4d7fff449861baa7875afd797b2", [:mix], [{:castore, "~> 0.1", [hex: :castore, repo: "hexpm", optional: true]}, {:exjsx, ">= 3.0.0", [hex: :exjsx, repo: "hexpm", optional: true]}, {:finch, "~> 0.3", [hex: :finch, repo: "hexpm", optional: true]}, {:fuse, "~> 2.4", [hex: :fuse, repo: "hexpm", optional: true]}, {:gun, "~> 1.3", [hex: :gun, repo: "hexpm", optional: true]}, {:hackney, "~> 1.6", [hex: :hackney, repo: "hexpm", optional: true]}, {:ibrowse, "4.4.0", [hex: :ibrowse, repo: "hexpm", optional: true]}, {:jason, ">= 1.0.0", [hex: :jason, repo: "hexpm", optional: true]}, {:mime, "~> 1.0 or ~> 2.0", [hex: :mime, repo: "hexpm", optional: false]}, {:mint, "~> 1.0", [hex: :mint, repo: "hexpm", optional: true]}, {:poison, ">= 1.0.0", [hex: :poison, repo: "hexpm", optional: true]}, {:telemetry, "~> 0.4 or ~> 1.0", [hex: :telemetry, repo: "hexpm", optional: true]}], "hexpm", "d5503a49f9dec1b287567ea8712d085947e247cb11b06bc54adb05bfde466457"},
  "unicode_util_compat": {:hex, :unicode_util_compat, "0.7.0", "bc84380c9ab48177092f43ac89e4dfa2c6d62b40b8bd132b1059ecc7232f9a78", [:rebar3], [], "hexpm", "25eee6d67df61960cf6a794239566599b09e17e668d3700247bc498638152521"},
  "uuid": {:hex, :uuid_erl, "2.0.4", "77c3e3ee1e1701a2856ce945846d7ceb71931c60633a305d0b0feae03b2b3b5c", [:rebar3], [{:quickrand, ">= 2.0.4", [hex: :quickrand, repo: "hexpm", optional: false]}], "hexpm", "7a4ccd1c151d9b88b4383fa802bccf9bcb3754b7f53d7caa164d51a14a6652e4"},
  "verl": {:hex, :verl, "1.0.1", "1c29fa29ce071820318d04f42850d23b6e0c8b1d6ca513b1b66312240d0690e1", [:rebar3], [], "hexpm", "f1939291d6b04ed7c20b4cf83cb0ebfc9141f692bb6fb51970429dfd145fec9d"},
  "workos": {:git, "https://github.com/workos-inc/workos-elixir", "bccc2aa0927d249fc27e37cd429d1d62a3e237ec", [ref: "bccc2aa0927d249fc27e37cd429d1d62a3e237ec"]},
  "wormwood": {:hex, :wormwood, "0.1.3", "7dfd322ea33f74526f9c904693276a387b48daf6931020e02b9ca7cadeadc821", [:mix], [{:absinthe, "~> 1.4", [hex: :absinthe, repo: "hexpm", optional: false]}], "hexpm", "dcd8ca257b70065edaa4788a4ce006347dfa65d3a28adfcb99a7f71acacc265b"},
  "yamerl": {:hex, :yamerl, "0.8.1", "07da13ffa1d8e13948943789665c62ccd679dfa7b324a4a2ed3149df17f453a4", [:rebar3], [], "hexpm", "96cb30f9d64344fed0ef8a92e9f16f207de6c04dfff4f366752ca79f5bceb23f"},
}
